Microsoft Visual Studio Solution File, Format Version 12.00
# Visual Studio Version 17
VisualStudioVersion = 17.5.2.0
MinimumVisualStudioVersion = 10.0.40219.1
Project("{FAE04EC0-301F-11D3-BF4B-00C04F79EFBC}") = "EatNow.UsageApi", "csharp-usage-api\EatNow.UsageApi.csproj", "{476D8239-476C-8743-28F8-FA6F9670DE81}"
EndProject
Global
	GlobalSection(SolutionConfigurationPlatforms) = preSolution
		Debug|Any CPU = Debug|Any CPU
		Release|Any CPU = Release|Any CPU
	EndGlobalSection
	GlobalSection(ProjectConfigurationPlatforms) = postSolution
		{476D8239-476C-8743-28F8-FA6F9670DE81}.Debug|Any CPU.ActiveCfg = Debug|Any CPU
		{476D8239-476C-8743-28F8-FA6F9670DE81}.Debug|Any CPU.Build.0 = Debug|Any CPU
		{476D8239-476C-8743-28F8-FA6F9670DE81}.Release|Any CPU.ActiveCfg = Release|Any CPU
		{476D8239-476C-8743-28F8-FA6F9670DE81}.Release|Any CPU.Build.0 = Release|Any CPU
	EndGlobalSection
	GlobalSection(SolutionProperties) = preSolution
		HideSolutionNode = FALSE
	EndGlobalSection
	GlobalSection(ExtensibilityGlobals) = postSolution
		SolutionGuid = {4289BD22-DC7A-49F8-BAA9-F469F0754B0D}
	EndGlobalSection
EndGlobal
